
Microsoft Visual Studio Solution File, Format Version 12.00
# Visual Studio Version 17
VisualStudioVersion = 17.0.31903.59
MinimumVisualStudioVersion = 10.0.40219.1
Project("{2150E333-8FDC-42A3-9474-1A3956D46DE8}") = "src", "src", "{C783D242-EE2F-44F3-B45D-7B453BD74FF1}"
EndProject
Project("{F2A71F9B-5D33-465A-A702-920D77279786}") = "Maifetch", "src\Maifetch\Maifetch.fsproj", "{47D0746A-877A-4C6D-B274-151FADAE5B09}"
EndProject
Project("{2150E333-8FDC-42A3-9474-1A3956D46DE8}") = "tests", "tests", "{4B33AB21-ED28-4FFE-900A-0087B3AD5600}"
EndProject
Project("{F2A71F9B-5D33-465A-A702-920D77279786}") = "Maifetch.Tests", "tests\Maifetch.Tests\Maifetch.Tests.fsproj", "{AC83696E-D8FC-4A4C-8693-956848603565}"
EndProject
Global
	GlobalSection(SolutionConfigurationPlatforms) = preSolution
		Debug|Any CPU = Debug|Any CPU
		Release|Any CPU = Release|Any CPU
	EndGlobalSection
	GlobalSection(SolutionProperties) = preSolution
		HideSolutionNode = FALSE
	EndGlobalSection
	GlobalSection(ProjectConfigurationPlatforms) = postSolution
		{47D0746A-877A-4C6D-B274-151FADAE5B09}.Debug|Any CPU.ActiveCfg = Debug|Any CPU
		{47D0746A-877A-4C6D-B274-151FADAE5B09}.Debug|Any CPU.Build.0 = Debug|Any CPU
		{47D0746A-877A-4C6D-B274-151FADAE5B09}.Release|Any CPU.ActiveCfg = Release|Any CPU
		{47D0746A-877A-4C6D-B274-151FADAE5B09}.Release|Any CPU.Build.0 = Release|Any CPU
		{AC83696E-D8FC-4A4C-8693-956848603565}.Debug|Any CPU.ActiveCfg = Debug|Any CPU
		{AC83696E-D8FC-4A4C-8693-956848603565}.Debug|Any CPU.Build.0 = Debug|Any CPU
		{AC83696E-D8FC-4A4C-8693-956848603565}.Release|Any CPU.ActiveCfg = Release|Any CPU
		{AC83696E-D8FC-4A4C-8693-956848603565}.Release|Any CPU.Build.0 = Release|Any CPU
	EndGlobalSection
	GlobalSection(NestedProjects) = preSolution
		{47D0746A-877A-4C6D-B274-151FADAE5B09} = {C783D242-EE2F-44F3-B45D-7B453BD74FF1}
		{AC83696E-D8FC-4A4C-8693-956848603565} = {4B33AB21-ED28-4FFE-900A-0087B3AD5600}
	EndGlobalSection
EndGlobal
